{
  "object": {
    "pins": [
      {
        "package": "ColorizeSwift",
        "repositoryURL": "git@github.com:mtynior/ColorizeSwift.git",
        "state": {
          "branch": null,
          "revision": "16cb4545a54311ca29d314fa3b907296285cfde9",
          "version": "1.2.0"
        }
      },
      {
        "package": "Yaml",
        "repositoryURL": "git@github.com:behrang/YamlSwift.git",
        "state": {
          "branch": null,
          "revision": "978901aed4025e36ebf60c040c9000c559d7c3e0",
          "version": "3.4.3"
        }
      }
    ]
  },
  "version": 1
}
